
Microsoft Visual Studio Solution File, Format Version 12.00
# Visual Studio 15
VisualStudioVersion = 15.0.27130.2036
MinimumVisualStudioVersion = 10.0.40219.1
Project("{8BC9CEB8-8B4A-11D0-8D11-00A0C91BC942}") = "1612001_1612009_1612023_1612085_1612154", "1612001_1612009_1612023_1612085_1612154\1612001_1612009_1612023_1612085_1612154.vcxproj", "{5360BC6D-AEA8-498D-83B0-EE1BEB085810}"
EndProject
Project("{8BC9CEB8-8B4A-11D0-8D11-00A0C91BC942}") = "UnitTest1", "UnitTest1\UnitTest1.vcxproj", "{C8E2BD83-ADE0-4CB3-A0AD-DC9A95B51B95}"
EndProject
Project("{8BC9CEB8-8B4A-11D0-8D11-00A0C91BC942}") = "Test_O_Day", "Test_O_Day\Test_O_Day.vcxproj", "{BDE8A57E-7739-4BA4-B8D6-B5DD57B1D11F}"
EndProject
Global
	GlobalSection(SolutionConfigurationPlatforms) = preSolution
		Debug|x64 = Debug|x64
		Debug|x86 = Debug|x86
		Release|x64 = Release|x64
		Release|x86 = Release|x86
	EndGlobalSection
	GlobalSection(ProjectConfigurationPlatforms) = postSolution
		{5360BC6D-AEA8-498D-83B0-EE1BEB085810}.Debug|x64.ActiveCfg = Debug|x64
		{5360BC6D-AEA8-498D-83B0-EE1BEB085810}.Debug|x64.Build.0 = Debug|x64
		{5360BC6D-AEA8-498D-83B0-EE1BEB085810}.Debug|x86.ActiveCfg = Debug|Win32
		{5360BC6D-AEA8-498D-83B0-EE1BEB085810}.Debug|x86.Build.0 = Debug|Win32
		{5360BC6D-AEA8-498D-83B0-EE1BEB085810}.Release|x64.ActiveCfg = Release|x64
		{5360BC6D-AEA8-498D-83B0-EE1BEB085810}.Release|x64.Build.0 = Release|x64
		{5360BC6D-AEA8-498D-83B0-EE1BEB085810}.Release|x86.ActiveCfg = Release|Win32
		{5360BC6D-AEA8-498D-83B0-EE1BEB085810}.Release|x86.Build.0 = Release|Win32
		{C8E2BD83-ADE0-4CB3-A0AD-DC9A95B51B95}.Debug|x64.ActiveCfg = Debug|x64
		{C8E2BD83-ADE0-4CB3-A0AD-DC9A95B51B95}.Debug|x64.Build.0 = Debug|x64
		{C8E2BD83-ADE0-4CB3-A0AD-DC9A95B51B95}.Debug|x86.ActiveCfg = Debug|Win32
		{C8E2BD83-ADE0-4CB3-A0AD-DC9A95B51B95}.Debug|x86.Build.0 = Debug|Win32
		{C8E2BD83-ADE0-4CB3-A0AD-DC9A95B51B95}.Release|x64.ActiveCfg = Release|x64
		{C8E2BD83-ADE0-4CB3-A0AD-DC9A95B51B95}.Release|x64.Build.0 = Release|x64
		{C8E2BD83-ADE0-4CB3-A0AD-DC9A95B51B95}.Release|x86.ActiveCfg = Release|Win32
		{C8E2BD83-ADE0-4CB3-A0AD-DC9A95B51B95}.Release|x86.Build.0 = Release|Win32
		{BDE8A57E-7739-4BA4-B8D6-B5DD57B1D11F}.Debug|x64.ActiveCfg = Debug|x64
		{BDE8A57E-7739-4BA4-B8D6-B5DD57B1D11F}.Debug|x64.Build.0 = Debug|x64
		{BDE8A57E-7739-4BA4-B8D6-B5DD57B1D11F}.Debug|x86.ActiveCfg = Debug|Win32
		{BDE8A57E-7739-4BA4-B8D6-B5DD57B1D11F}.Debug|x86.Build.0 = Debug|Win32
		{BDE8A57E-7739-4BA4-B8D6-B5DD57B1D11F}.Release|x64.ActiveCfg = Release|x64
		{BDE8A57E-7739-4BA4-B8D6-B5DD57B1D11F}.Release|x64.Build.0 = Release|x64
		{BDE8A57E-7739-4BA4-B8D6-B5DD57B1D11F}.Release|x86.ActiveCfg = Release|Win32
		{BDE8A57E-7739-4BA4-B8D6-B5DD57B1D11F}.Release|x86.Build.0 = Release|Win32
	EndGlobalSection
	GlobalSection(SolutionProperties) = preSolution
		HideSolutionNode = FALSE
	EndGlobalSection
	GlobalSection(ExtensibilityGlobals) = postSolution
		SolutionGuid = {6A7FF916-3058-46EA-BDF3-40F4918CC793}
	EndGlobalSection
EndGlobal
